
Microsoft Visual Studio Solution File, Format Version 12.00
# Visual Studio Version 17
VisualStudioVersion = 17.5.33414.496
MinimumVisualStudioVersion = 10.0.40219.1
Project("{2150E333-8FDC-42A3-9474-1A3956D46DE8}") = "Services", "Services", "{06166B25-6E5D-4953-BB8A-5B3079157B22}"
EndProject
Project("{2150E333-8FDC-42A3-9474-1A3956D46DE8}") = "Catalog", "Catalog", "{3D98A9EF-2FC8-4825-B7DF-02ACF11820A9}"
EndProject
Project("{FAE04EC0-301F-11D3-BF4B-00C04F79EFBC}") = "Catalog.API", "Catalog.API\Catalog.API.csproj", "{5129C14A-4063-4E07-98BD-CF4A748BC4EE}"
EndProject
Project("{FAE04EC0-301F-11D3-BF4B-00C04F79EFBC}") = "Catalog.Core", "Catalog.Core\Catalog.Core.csproj", "{B457CC1D-162E-4DB0-8F23-2287C50D3415}"
EndProject
Project("{FAE04EC0-301F-11D3-BF4B-00C04F79EFBC}") = "Catalog.Application", "Catalog.Application\Catalog.Application.csproj", "{0FC271CC-C599-415D-90B8-464DAA7041C1}"
EndProject
Project("{FAE04EC0-301F-11D3-BF4B-00C04F79EFBC}") = "Catalog.Infrastructure", "Catalog.Infrastructure\Catalog.Infrastructure.csproj", "{018B57D7-116F-4024-A14B-2F6C6427E8D8}"
EndProject
Global
	GlobalSection(SolutionConfigurationPlatforms) = preSolution
		Debug|Any CPU = Debug|Any CPU
		Release|Any CPU = Release|Any CPU
	EndGlobalSection
	GlobalSection(ProjectConfigurationPlatforms) = postSolution
		{5129C14A-4063-4E07-98BD-CF4A748BC4EE}.Debug|Any CPU.ActiveCfg = Debug|Any CPU
		{5129C14A-4063-4E07-98BD-CF4A748BC4EE}.Debug|Any CPU.Build.0 = Debug|Any CPU
		{5129C14A-4063-4E07-98BD-CF4A748BC4EE}.Release|Any CPU.ActiveCfg = Release|Any CPU
		{5129C14A-4063-4E07-98BD-CF4A748BC4EE}.Release|Any CPU.Build.0 = Release|Any CPU
		{B457CC1D-162E-4DB0-8F23-2287C50D3415}.Debug|Any CPU.ActiveCfg = Debug|Any CPU
		{B457CC1D-162E-4DB0-8F23-2287C50D3415}.Debug|Any CPU.Build.0 = Debug|Any CPU
		{B457CC1D-162E-4DB0-8F23-2287C50D3415}.Release|Any CPU.ActiveCfg = Release|Any CPU
		{B457CC1D-162E-4DB0-8F23-2287C50D3415}.Release|Any CPU.Build.0 = Release|Any CPU
		{0FC271CC-C599-415D-90B8-464DAA7041C1}.Debug|Any CPU.ActiveCfg = Debug|Any CPU
		{0FC271CC-C599-415D-90B8-464DAA7041C1}.Debug|Any CPU.Build.0 = Debug|Any CPU
		{0FC271CC-C599-415D-90B8-464DAA7041C1}.Release|Any CPU.ActiveCfg = Release|Any CPU
		{0FC271CC-C599-415D-90B8-464DAA7041C1}.Release|Any CPU.Build.0 = Release|Any CPU
		{018B57D7-116F-4024-A14B-2F6C6427E8D8}.Debug|Any CPU.ActiveCfg = Debug|Any CPU
		{018B57D7-116F-4024-A14B-2F6C6427E8D8}.Debug|Any CPU.Build.0 = Debug|Any CPU
		{018B57D7-116F-4024-A14B-2F6C6427E8D8}.Release|Any CPU.ActiveCfg = Release|Any CPU
		{018B57D7-116F-4024-A14B-2F6C6427E8D8}.Release|Any CPU.Build.0 = Release|Any CPU
	EndGlobalSection
	GlobalSection(SolutionProperties) = preSolution
		HideSolutionNode = FALSE
	EndGlobalSection
	GlobalSection(NestedProjects) = preSolution
		{3D98A9EF-2FC8-4825-B7DF-02ACF11820A9} = {06166B25-6E5D-4953-BB8A-5B3079157B22}
		{5129C14A-4063-4E07-98BD-CF4A748BC4EE} = {3D98A9EF-2FC8-4825-B7DF-02ACF11820A9}
		{B457CC1D-162E-4DB0-8F23-2287C50D3415} = {3D98A9EF-2FC8-4825-B7DF-02ACF11820A9}
		{0FC271CC-C599-415D-90B8-464DAA7041C1} = {3D98A9EF-2FC8-4825-B7DF-02ACF11820A9}
		{018B57D7-116F-4024-A14B-2F6C6427E8D8} = {3D98A9EF-2FC8-4825-B7DF-02ACF11820A9}
	EndGlobalSection
	GlobalSection(ExtensibilityGlobals) = postSolution
		SolutionGuid = {4A4A30A1-8AAB-4BB8-8AEB-AF65C18C952E}
	EndGlobalSection
EndGlobal
